// !$*UTF8*$!
{
	archiveVersion = 1;
	classes = {
	};
	objectVersion = 56;
	objects = {

/* Begin PBXBuildFile section */
		46AA5ECD2C66E97800343AF0 /* AppDelegate.swift in Sources */ = {isa = PBXBuildFile; fileRef = 46AA5ECC2C66E97800343AF0 /* AppDelegate.swift */; };
		46AA5ECF2C66E97800343AF0 /* SceneDelegate.swift in Sources */ = {isa = PBXBuildFile; fileRef = 46AA5ECE2C66E97800343AF0 /* SceneDelegate.swift */; };
		46AA5ED12C66E97800343AF0 /* ViewController.swift in Sources */ = {isa = PBXBuildFile; fileRef = 46AA5ED02C66E97800343AF0 /* ViewController.swift */; };
		46AA5ED62C66E97B00343AF0 /* Assets.xcassets in Resources */ = {isa = PBXBuildFile; fileRef = 46AA5ED52C66E97B00343AF0 /* Assets.xcassets */; };
		46AA5ED92C66E97B00343AF0 /* Base in Resources */ = {isa = PBXBuildFile; fileRef = 46AA5ED82C66E97B00343AF0 /* Base */; };
		46AA5EE22C66EA0F00343AF0 /* SnapKit in Frameworks */ = {isa = PBXBuildFile; productRef = 46AA5EE12C66EA0F00343AF0 /* SnapKit */; };
		46AA5EE52C66EA2B00343AF0 /* RxCocoa in Frameworks */ = {isa = PBXBuildFile; productRef = 46AA5EE42C66EA2B00343AF0 /* RxCocoa */; };
		46AA5EE72C66EA2B00343AF0 /* RxSwift in Frameworks */ = {isa = PBXBuildFile; productRef = 46AA5EE62C66EA2B00343AF0 /* RxSwift */; };
		46AA5EE92C679B6400343AF0 /* TableViewCell.swift in Sources */ = {isa = PBXBuildFile; fileRef = 46AA5EE82C679B6400343AF0 /* TableViewCell.swift */; };
		46AA5EEB2C679BCA00343AF0 /* CollectionViewCell.swift in Sources */ = {isa = PBXBuildFile; fileRef = 46AA5EEA2C679BCA00343AF0 /* CollectionViewCell.swift */; };
		46AA5EED2C679C1D00343AF0 /* AppStroreResponse.swift in Sources */ = {isa = PBXBuildFile; fileRef = 46AA5EEC2C679C1D00343AF0 /* AppStroreResponse.swift */; };
		46AA5EEF2C67AC1200343AF0 /* CustomCollectionViewCell.swift in Sources */ = {isa = PBXBuildFile; fileRef = 46AA5EEE2C67AC1200343AF0 /* CustomCollectionViewCell.swift */; };
		46AA5EF32C67CD5C00343AF0 /* NetworkManager.swift in Sources */ = {isa = PBXBuildFile; fileRef = 46AA5EF22C67CD5C00343AF0 /* NetworkManager.swift */; };
		46AA5EF52C67D54500343AF0 /* APIViewModel.swift in Sources */ = {isa = PBXBuildFile; fileRef = 46AA5EF42C67D54400343AF0 /* APIViewModel.swift */; };
		46AA5EF72C67D9A000343AF0 /* UserDefaultManager.swift in Sources */ = {isa = PBXBuildFile; fileRef = 46AA5EF62C67D9A000343AF0 /* UserDefaultManager.swift */; };
		46AA5EFA2C67E00800343AF0 /* Kingfisher in Frameworks */ = {isa = PBXBuildFile; productRef = 46AA5EF92C67E00800343AF0 /* Kingfisher */; };
/* End PBXBuildFile section */

/* Begin PBXFileReference section */
		46AA5EC92C66E97800343AF0 /* SearchAppAPI.app */ = {isa = PBXFileReference; explicitFileType = wrapper.application; includeInIndex = 0; path = SearchAppAPI.app; sourceTree = BUILT_PRODUCTS_DIR; };
		46AA5ECC2C66E97800343AF0 /* AppDelegate.swift */ = {isa = PBXFileReference; lastKnownFileType = sourcecode.swift; path = AppDelegate.swift; sourceTree = "<group>"; };
		46AA5ECE2C66E97800343AF0 /* SceneDelegate.swift */ = {isa = PBXFileReference; lastKnownFileType = sourcecode.swift; path = SceneDelegate.swift; sourceTree = "<group>"; };
		46AA5ED02C66E97800343AF0 /* ViewController.swift */ = {isa = PBXFileReference; lastKnownFileType = sourcecode.swift; path = ViewController.swift; sourceTree = "<group>"; };
		46AA5ED52C66E97B00343AF0 /* Assets.xcassets */ = {isa = PBXFileReference; lastKnownFileType = folder.assetcatalog; path = Assets.xcassets; sourceTree = "<group>"; };
		46AA5ED82C66E97B00343AF0 /* Base */ = {isa = PBXFileReference; lastKnownFileType = file.storyboard; name = Base; path = Base.lproj/LaunchScreen.storyboard; sourceTree = "<group>"; };
		46AA5EDA2C66E97B00343AF0 /* Info.plist */ = {isa = PBXFileReference; lastKnownFileType = text.plist.xml; path = Info.plist; sourceTree = "<group>"; };
		46AA5EE82C679B6400343AF0 /* TableViewCell.swift */ = {isa = PBXFileReference; lastKnownFileType = sourcecode.swift; path = TableViewCell.swift; sourceTree = "<group>"; };
		46AA5EEA2C679BCA00343AF0 /* CollectionViewCell.swift */ = {isa = PBXFileReference; lastKnownFileType = sourcecode.swift; path = CollectionViewCell.swift; sourceTree = "<group>"; };
		46AA5EEC2C679C1D00343AF0 /* AppStroreResponse.swift */ = {isa = PBXFileReference; lastKnownFileType = sourcecode.swift; path = AppStroreResponse.swift; sourceTree = "<group>"; };
		46AA5EEE2C67AC1200343AF0 /* CustomCollectionViewCell.swift */ = {isa = PBXFileReference; lastKnownFileType = sourcecode.swift; path = CustomCollectionViewCell.swift; sourceTree = "<group>"; };
		46AA5EF22C67CD5C00343AF0 /* NetworkManager.swift */ = {isa = PBXFileReference; lastKnownFileType = sourcecode.swift; path = NetworkManager.swift; sourceTree = "<group>"; };
		46AA5EF42C67D54400343AF0 /* APIViewModel.swift */ = {isa = PBXFileReference; lastKnownFileType = sourcecode.swift; path = APIViewModel.swift; sourceTree = "<group>"; };
		46AA5EF62C67D9A000343AF0 /* UserDefaultManager.swift */ = {isa = PBXFileReference; lastKnownFileType = sourcecode.swift; path = UserDefaultManager.swift; sourceTree = "<group>"; };
/* End PBXFileReference section */

/* Begin PBXFrameworksBuildPhase section */
		46AA5EC62C66E97800343AF0 /* Frameworks */ = {
			isa = PBXFrameworksBuildPhase;
			buildActionMask = 2147483647;
			files = (
				46AA5EFA2C67E00800343AF0 /* Kingfisher in Frameworks */,
				46AA5EE72C66EA2B00343AF0 /* RxSwift in Frameworks */,
				46AA5EE52C66EA2B00343AF0 /* RxCocoa in Frameworks */,
				46AA5EE22C66EA0F00343AF0 /* SnapKit in Frameworks */,
			);
			runOnlyForDeploymentPostprocessing = 0;
		};
/* End PBXFrameworksBuildPhase section */

/* Begin PBXGroup section */
		46AA5EC02C66E97800343AF0 = {
			isa = PBXGroup;
			children = (
				46AA5ECB2C66E97800343AF0 /* SearchAppAPI */,
				46AA5ECA2C66E97800343AF0 /* Products */,
			);
			sourceTree = "<group>";
		};
		46AA5ECA2C66E97800343AF0 /* Products */ = {
			isa = PBXGroup;
			children = (
				46AA5EC92C66E97800343AF0 /* SearchAppAPI.app */,
			);
			name = Products;
			sourceTree = "<group>";
		};
		46AA5ECB2C66E97800343AF0 /* SearchAppAPI */ = {
			isa = PBXGroup;
			children = (
				46AA5ECC2C66E97800343AF0 /* AppDelegate.swift */,
				46AA5ECE2C66E97800343AF0 /* SceneDelegate.swift */,
				46AA5ED52C66E97B00343AF0 /* Assets.xcassets */,
				46AA5ED72C66E97B00343AF0 /* LaunchScreen.storyboard */,
				46AA5EDA2C66E97B00343AF0 /* Info.plist */,
				46AA5EE82C679B6400343AF0 /* TableViewCell.swift */,
				46AA5EEA2C679BCA00343AF0 /* CollectionViewCell.swift */,
				46AA5ED02C66E97800343AF0 /* ViewController.swift */,
				46AA5EEC2C679C1D00343AF0 /* AppStroreResponse.swift */,
				46AA5EF42C67D54400343AF0 /* APIViewModel.swift */,
				46AA5EEE2C67AC1200343AF0 /* CustomCollectionViewCell.swift */,
				46AA5EF22C67CD5C00343AF0 /* NetworkManager.swift */,
				46AA5EF62C67D9A000343AF0 /* UserDefaultManager.swift */,
			);
			path = SearchAppAPI;
			sourceTree = "<group>";
		};
/* End PBXGroup section */

/* Begin PBXNativeTarget section */
		46AA5EC82C66E97800343AF0 /* SearchAppAPI */ = {
			isa = PBXNativeTarget;
			buildConfigurationList = 46AA5EDD2C66E97B00343AF0 /* Build configuration list for PBXNativeTarget "SearchAppAPI" */;
			buildPhases = (
				46AA5EC52C66E97800343AF0 /* Sources */,
				46AA5EC62C66E97800343AF0 /* Frameworks */,
				46AA5EC72C66E97800343AF0 /* Resources */,
			);
			buildRules = (
			);
			dependencies = (
			);
			name = SearchAppAPI;
			packageProductDependencies = (
				46AA5EE12C66EA0F00343AF0 /* SnapKit */,
				46AA5EE42C66EA2B00343AF0 /* RxCocoa */,
				46AA5EE62C66EA2B00343AF0 /* RxSwift */,
				46AA5EF92C67E00800343AF0 /* Kingfisher */,
			);
			productName = SearchAppAPI;
			productReference = 46AA5EC92C66E97800343AF0 /* SearchAppAPI.app */;
			productType = "com.apple.product-type.application";
		};
/* End PBXNativeTarget section */

/* Begin PBXProject section */
		46AA5EC12C66E97800343AF0 /* Project object */ = {
			isa = PBXProject;
			attributes = {
				BuildIndependentTargetsInParallel = 1;
				LastSwiftUpdateCheck = 1540;
				LastUpgradeCheck = 1540;
				TargetAttributes = {
					46AA5EC82C66E97800343AF0 = {
						CreatedOnToolsVersion = 15.4;
					};
				};
			};
			buildConfigurationList = 46AA5EC42C66E97800343AF0 /* Build configuration list for PBXProject "SearchAppAPI" */;
			compatibilityVersion = "Xcode 14.0";
			developmentRegion = en;
			hasScannedForEncodings = 0;
			knownRegions = (
				en,
				Base,
			);
			mainGroup = 46AA5EC02C66E97800343AF0;
			packageReferences = (
				46AA5EE02C66EA0F00343AF0 /* XCRemoteSwiftPackageReference "SnapKit" */,
				46AA5EE32C66EA2B00343AF0 /* XCRemoteSwiftPackageReference "RxSwift" */,
				46AA5EF82C67E00800343AF0 /* XCRemoteSwiftPackageReference "Kingfisher" */,
			);
			productRefGroup = 46AA5ECA2C66E97800343AF0 /* Products */;
			projectDirPath = "";
			projectRoot = "";
			targets = (
				46AA5EC82C66E97800343AF0 /* SearchAppAPI */,
			);
		};
/* End PBXProject section */

/* Begin PBXResourcesBuildPhase section */
		46AA5EC72C66E97800343AF0 /* Resources */ = {
			isa = PBXResourcesBuildPhase;
			buildActionMask = 2147483647;
			files = (
				46AA5ED62C66E97B00343AF0 /* Assets.xcassets in Resources */,
				46AA5ED92C66E97B00343AF0 /* Base in Resources */,
			);
			runOnlyForDeploymentPostprocessing = 0;
		};
/* End PBXResourcesBuildPhase section */

/* Begin PBXSourcesBuildPhase section */
		46AA5EC52C66E97800343AF0 /* Sources */ = {
			isa = PBXSourcesBuildPhase;
			buildActionMask = 2147483647;
			files = (
				46AA5EEB2C679BCA00343AF0 /* CollectionViewCell.swift in Sources */,
				46AA5EEF2C67AC1200343AF0 /* CustomCollectionViewCell.swift in Sources */,
				46AA5ED12C66E97800343AF0 /* ViewController.swift in Sources */,
				46AA5EE92C679B6400343AF0 /* TableViewCell.swift in Sources */,
				46AA5EF72C67D9A000343AF0 /* UserDefaultManager.swift in Sources */,
				46AA5EF32C67CD5C00343AF0 /* NetworkManager.swift in Sources */,
				46AA5EED2C679C1D00343AF0 /* AppStroreResponse.swift in Sources */,
				46AA5EF52C67D54500343AF0 /* APIViewModel.swift in Sources */,
				46AA5ECD2C66E97800343AF0 /* AppDelegate.swift in Sources */,
				46AA5ECF2C66E97800343AF0 /* SceneDelegate.swift in Sources */,
			);
			runOnlyForDeploymentPostprocessing = 0;
		};
/* End PBXSourcesBuildPhase section */

/* Begin PBXVariantGroup section */
		46AA5ED72C66E97B00343AF0 /* LaunchScreen.storyboard */ = {
			isa = PBXVariantGroup;
			children = (
				46AA5ED82C66E97B00343AF0 /* Base */,
			);
			name = LaunchScreen.storyboard;
			sourceTree = "<group>";
		};
/* End PBXVariantGroup section */

/* Begin XCBuildConfiguration section */
		46AA5EDB2C66E97B00343AF0 /* Debug */ = {
			isa = XCBuildConfiguration;
			buildSettings = {
				ALWAYS_SEARCH_USER_PATHS = NO;
				ASSETCATALOG_COMPILER_GENERATE_SWIFT_ASSET_SYMBOL_EXTENSIONS = YES;
				CLANG_ANALYZER_NONNULL = YES;
				CLANG_ANALYZER_NUMBER_OBJECT_CONVERSION = YES_AGGRESSIVE;
				CLANG_CXX_LANGUAGE_STANDARD = "gnu++20";
				CLANG_ENABLE_MODULES = YES;
				CLANG_ENABLE_OBJC_ARC = YES;
				CLANG_ENABLE_OBJC_WEAK = YES;
				CLANG_WARN_BLOCK_CAPTURE_AUTORELEASING = YES;
				CLANG_WARN_BOOL_CONVERSION = YES;
				CLANG_WARN_COMMA = YES;
				CLANG_WARN_CONSTANT_CONVERSION = YES;
				CLANG_WARN_DEPRECATED_OBJC_IMPLEMENTATIONS = YES;
				CLANG_WARN_DIRECT_OBJC_ISA_USAGE = YES_ERROR;
				CLANG_WARN_DOCUMENTATION_COMMENTS = YES;
				CLANG_WARN_EMPTY_BODY = YES;
				CLANG_WARN_ENUM_CONVERSION = YES;
				CLANG_WARN_INFINITE_RECURSION = YES;
				CLANG_WARN_INT_CONVERSION = YES;
				CLANG_WARN_NON_LITERAL_NULL_CONVERSION = YES;
				CLANG_WARN_OBJC_IMPLICIT_RETAIN_SELF = YES;
				CLANG_WARN_OBJC_LITERAL_CONVERSION = YES;
				CLANG_WARN_OBJC_ROOT_CLASS = YES_ERROR;
				CLANG_WARN_QUOTED_INCLUDE_IN_FRAMEWORK_HEADER = YES;
				CLANG_WARN_RANGE_LOOP_ANALYSIS = YES;
				CLANG_WARN_STRICT_PROTOTYPES = YES;
				CLANG_WARN_SUSPICIOUS_MOVE = YES;
				CLANG_WARN_UNGUARDED_AVAILABILITY = YES_AGGRESSIVE;
				CLANG_WARN_UNREACHABLE_CODE = YES;
				CLANG_WARN__DUPLICATE_METHOD_MATCH = YES;
				COPY_PHASE_STRIP = NO;
				DEBUG_INFORMATION_FORMAT = dwarf;
				ENABLE_STRICT_OBJC_MSGSEND = YES;
				ENABLE_TESTABILITY = YES;
				ENABLE_USER_SCRIPT_SANDBOXING = YES;
				GCC_C_LANGUAGE_STANDARD = gnu17;
				GCC_DYNAMIC_NO_PIC = NO;
				GCC_NO_COMMON_BLOCKS = YES;
				GCC_OPTIMIZATION_LEVEL = 0;
				GCC_PREPROCESSOR_DEFINITIONS = (
					"DEBUG=1",
					"$(inherited)",
				);
				GCC_WARN_64_TO_32_BIT_CONVERSION = YES;
				GCC_WARN_ABOUT_RETURN_TYPE = YES_ERROR;
				GCC_WARN_UNDECLARED_SELECTOR = YES;
				GCC_WARN_UNINITIALIZED_AUTOS = YES_AGGRESSIVE;
				GCC_WARN_UNUSED_FUNCTION = YES;
				GCC_WARN_UNUSED_VARIABLE = YES;
				IPHONEOS_DEPLOYMENT_TARGET = 17.5;
				LOCALIZATION_PREFERS_STRING_CATALOGS = YES;
				MTL_ENABLE_DEBUG_INFO = INCLUDE_SOURCE;
				MTL_FAST_MATH = YES;
				ONLY_ACTIVE_ARCH = YES;
				SDKROOT = iphoneos;
				SWIFT_ACTIVE_COMPILATION_CONDITIONS = "DEBUG $(inherited)";
				SWIFT_OPTIMIZATION_LEVEL = "-Onone";
			};
			name = Debug;
		};
		46AA5EDC2C66E97B00343AF0 /* Release */ = {
			isa = XCBuildConfiguration;
			buildSettings = {
				ALWAYS_SEARCH_USER_PATHS = NO;
				ASSETCATALOG_COMPILER_GENERATE_SWIFT_ASSET_SYMBOL_EXTENSIONS = YES;
				CLANG_ANALYZER_NONNULL = YES;
				CLANG_ANALYZER_NUMBER_OBJECT_CONVERSION = YES_AGGRESSIVE;
				CLANG_CXX_LANGUAGE_STANDARD = "gnu++20";
				CLANG_ENABLE_MODULES = YES;
				CLANG_ENABLE_OBJC_ARC = YES;
				CLANG_ENABLE_OBJC_WEAK = YES;
				CLANG_WARN_BLOCK_CAPTURE_AUTORELEASING = YES;
				CLANG_WARN_BOOL_CONVERSION = YES;
				CLANG_WARN_COMMA = YES;
				CLANG_WARN_CONSTANT_CONVERSION = YES;
				CLANG_WARN_DEPRECATED_OBJC_IMPLEMENTATIONS = YES;
				CLANG_WARN_DIRECT_OBJC_ISA_USAGE = YES_ERROR;
				CLANG_WARN_DOCUMENTATION_COMMENTS = YES;
				CLANG_WARN_EMPTY_BODY = YES;
				CLANG_WARN_ENUM_CONVERSION = YES;
				CLANG_WARN_INFINITE_RECURSION = YES;
				CLANG_WARN_INT_CONVERSION = YES;
				CLANG_WARN_NON_LITERAL_NULL_CONVERSION = YES;
				CLANG_WARN_OBJC_IMPLICIT_RETAIN_SELF = YES;
				CLANG_WARN_OBJC_LITERAL_CONVERSION = YES;
				CLANG_WARN_OBJC_ROOT_CLASS = YES_ERROR;
				CLANG_WARN_QUOTED_INCLUDE_IN_FRAMEWORK_HEADER = YES;
				CLANG_WARN_RANGE_LOOP_ANALYSIS = YES;
				CLANG_WARN_STRICT_PROTOTYPES = YES;
				CLANG_WARN_SUSPICIOUS_MOVE = YES;
				CLANG_WARN_UNGUARDED_AVAILABILITY = YES_AGGRESSIVE;
				CLANG_WARN_UNREACHABLE_CODE = YES;
				CLANG_WARN__DUPLICATE_METHOD_MATCH = YES;
				COPY_PHASE_STRIP = NO;
				DEBUG_INFORMATION_FORMAT = "dwarf-with-dsym";
				ENABLE_NS_ASSERTIONS = NO;
				ENABLE_STRICT_OBJC_MSGSEND = YES;
				ENABLE_USER_SCRIPT_SANDBOXING = YES;
				GCC_C_LANGUAGE_STANDARD = gnu17;
				GCC_NO_COMMON_BLOCKS = YES;
				GCC_WARN_64_TO_32_BIT_CONVERSION = YES;
				GCC_WARN_ABOUT_RETURN_TYPE = YES_ERROR;
				GCC_WARN_UNDECLARED_SELECTOR = YES;
				GCC_WARN_UNINITIALIZED_AUTOS = YES_AGGRESSIVE;
				GCC_WARN_UNUSED_FUNCTION = YES;
				GCC_WARN_UNUSED_VARIABLE = YES;
				IPHONEOS_DEPLOYMENT_TARGET = 17.5;
				LOCALIZATION_PREFERS_STRING_CATALOGS = YES;
				MTL_ENABLE_DEBUG_INFO = NO;
				MTL_FAST_MATH = YES;
				SDKROOT = iphoneos;
				SWIFT_COMPILATION_MODE = wholemodule;
				VALIDATE_PRODUCT = YES;
			};
			name = Release;
		};
		46AA5EDE2C66E97B00343AF0 /* Debug */ = {
			isa = XCBuildConfiguration;
			buildSettings = {
				ASSETCATALOG_COMPILER_APPICON_NAME = AppIcon;
				ASSETCATALOG_COMPILER_GLOBAL_ACCENT_COLOR_NAME = AccentColor;
				CODE_SIGN_STYLE = Automatic;
				CURRENT_PROJECT_VERSION = 1;
				GENERATE_INFOPLIST_FILE = YES;
				INFOPLIST_FILE = SearchAppAPI/Info.plist;
				INFOPLIST_KEY_UIApplicationSupportsIndirectInputEvents = YES;
				INFOPLIST_KEY_UILaunchStoryboardName = LaunchScreen;
				INFOPLIST_KEY_UISupportedInterfaceOrientations_iPad = "UIInterfaceOrientationPortrait UIInterfaceOrientationPortraitUpsideDown UIInterfaceOrientationLandscapeLeft UIInterfaceOrientationLandscapeRight";
				INFOPLIST_KEY_UISupportedInterfaceOrientations_iPhone = "UIInterfaceOrientationPortrait UIInterfaceOrientationLandscapeLeft UIInterfaceOrientationLandscapeRight";
				LD_RUNPATH_SEARCH_PATHS = (
					"$(inherited)",
					"@executable_path/Frameworks",
				);
				MARKETING_VERSION = 1.0;
				PRODUCT_BUNDLE_IDENTIFIER = com.soyung.SearchAppAPI;
				PRODUCT_NAME = "$(TARGET_NAME)";
				SWIFT_EMIT_LOC_STRINGS = YES;
				SWIFT_VERSION = 5.0;
				TARGETED_DEVICE_FAMILY = "1,2";
			};
			name = Debug;
		};
		46AA5EDF2C66E97B00343AF0 /* Release */ = {
			isa = XCBuildConfiguration;
			buildSettings = {
				ASSETCATALOG_COMPILER_APPICON_NAME = AppIcon;
				ASSETCATALOG_COMPILER_GLOBAL_ACCENT_COLOR_NAME = AccentColor;
				CODE_SIGN_STYLE = Automatic;
				CURRENT_PROJECT_VERSION = 1;
				GENERATE_INFOPLIST_FILE = YES;
				INFOPLIST_FILE = SearchAppAPI/Info.plist;
				INFOPLIST_KEY_UIApplicationSupportsIndirectInputEvents = YES;
				INFOPLIST_KEY_UILaunchStoryboardName = LaunchScreen;
				INFOPLIST_KEY_UISupportedInterfaceOrientations_iPad = "UIInterfaceOrientationPortrait UIInterfaceOrientationPortraitUpsideDown UIInterfaceOrientationLandscapeLeft UIInterfaceOrientationLandscapeRight";
				INFOPLIST_KEY_UISupportedInterfaceOrientations_iPhone = "UIInterfaceOrientationPortrait UIInterfaceOrientationLandscapeLeft UIInterfaceOrientationLandscapeRight";
				LD_RUNPATH_SEARCH_PATHS = (
					"$(inherited)",
					"@executable_path/Frameworks",
				);
				MARKETING_VERSION = 1.0;
				PRODUCT_BUNDLE_IDENTIFIER = com.soyung.SearchAppAPI;
				PRODUCT_NAME = "$(TARGET_NAME)";
				SWIFT_EMIT_LOC_STRINGS = YES;
				SWIFT_VERSION = 5.0;
				TARGETED_DEVICE_FAMILY = "1,2";
			};
			name = Release;
		};
/* End XCBuildConfiguration section */

/* Begin XCConfigurationList section */
		46AA5EC42C66E97800343AF0 /* Build configuration list for PBXProject "SearchAppAPI" */ = {
			isa = XCConfigurationList;
			buildConfigurations = (
				46AA5EDB2C66E97B00343AF0 /* Debug */,
				46AA5EDC2C66E97B00343AF0 /* Release */,
			);
			defaultConfigurationIsVisible = 0;
			defaultConfigurationName = Release;
		};
		46AA5EDD2C66E97B00343AF0 /* Build configuration list for PBXNativeTarget "SearchAppAPI" */ = {
			isa = XCConfigurationList;
			buildConfigurations = (
				46AA5EDE2C66E97B00343AF0 /* Debug */,
				46AA5EDF2C66E97B00343AF0 /* Release */,
			);
			defaultConfigurationIsVisible = 0;
			defaultConfigurationName = Release;
		};
/* End XCConfigurationList section */

/* Begin XCRemoteSwiftPackageReference section */
		46AA5EE02C66EA0F00343AF0 /* XCRemoteSwiftPackageReference "SnapKit" */ = {
			isa = XCRemoteSwiftPackageReference;
			repositoryURL = "https://github.com/SnapKit/SnapKit.git";
			requirement = {
				kind = upToNextMajorVersion;
				minimumVersion = 5.7.1;
			};
		};
		46AA5EE32C66EA2B00343AF0 /* XCRemoteSwiftPackageReference "RxSwift" */ = {
			isa = XCRemoteSwiftPackageReference;
			repositoryURL = "https://github.com/ReactiveX/RxSwift.git";
			requirement = {
				kind = upToNextMajorVersion;
				minimumVersion = 6.7.1;
			};
		};
		46AA5EF82C67E00800343AF0 /* XCRemoteSwiftPackageReference "Kingfisher" */ = {
			isa = XCRemoteSwiftPackageReference;
			repositoryURL = "https://github.com/onevcat/Kingfisher";
			requirement = {
				kind = upToNextMajorVersion;
				minimumVersion = 7.12.0;
			};
		};
/* End XCRemoteSwiftPackageReference section */

/* Begin XCSwiftPackageProductDependency section */
		46AA5EE12C66EA0F00343AF0 /* SnapKit */ = {
			isa = XCSwiftPackageProductDependency;
			package = 46AA5EE02C66EA0F00343AF0 /* XCRemoteSwiftPackageReference "SnapKit" */;
			productName = SnapKit;
		};
		46AA5EE42C66EA2B00343AF0 /* RxCocoa */ = {
			isa = XCSwiftPackageProductDependency;
			package = 46AA5EE32C66EA2B00343AF0 /* XCRemoteSwiftPackageReference "RxSwift" */;
			productName = RxCocoa;
		};
		46AA5EE62C66EA2B00343AF0 /* RxSwift */ = {
			isa = XCSwiftPackageProductDependency;
			package = 46AA5EE32C66EA2B00343AF0 /* XCRemoteSwiftPackageReference "RxSwift" */;
			productName = RxSwift;
		};
		46AA5EF92C67E00800343AF0 /* Kingfisher */ = {
			isa = XCSwiftPackageProductDependency;
			package = 46AA5EF82C67E00800343AF0 /* XCRemoteSwiftPackageReference "Kingfisher" */;
			productName = Kingfisher;
		};
/* End XCSwiftPackageProductDependency section */
	};
	rootObject = 46AA5EC12C66E97800343AF0 /* Project object */;
}
